
Microsoft Visual Studio Solution File, Format Version 12.00
# Visual Studio Version 17
VisualStudioVersion = 17.9.34902.65
MinimumVisualStudioVersion = 10.0.40219.1
Project("{FAE04EC0-301F-11D3-BF4B-00C04F79EFBC}") = "HomeExercise", "HomeExercise\HomeExercise.csproj", "{53E393F8-2202-490F-9C87-142F7D416DF0}"
EndProject
Global
	GlobalSection(SolutionConfigurationPlatforms) = preSolution
		Debug|Any CPU = Debug|Any CPU
		Release|Any CPU = Release|Any CPU
	EndGlobalSection
	GlobalSection(ProjectConfigurationPlatforms) = postSolution
		{53E393F8-2202-490F-9C87-142F7D416DF0}.Debug|Any CPU.ActiveCfg = Debug|Any CPU
		{53E393F8-2202-490F-9C87-142F7D416DF0}.Debug|Any CPU.Build.0 = Debug|Any CPU
		{53E393F8-2202-490F-9C87-142F7D416DF0}.Release|Any CPU.ActiveCfg = Release|Any CPU
		{53E393F8-2202-490F-9C87-142F7D416DF0}.Release|Any CPU.Build.0 = Release|Any CPU
	EndGlobalSection
	GlobalSection(SolutionProperties) = preSolution
		HideSolutionNode = FALSE
	EndGlobalSection
	GlobalSection(ExtensibilityGlobals) = postSolution
		SolutionGuid = {3C3CCDBE-B3DC-469C-96D2-8B45D471C129}
	EndGlobalSection
EndGlobal
